
Microsoft Visual Studio Solution File, Format Version 12.00
# Visual Studio Version 17
VisualStudioVersion = 17.3.32929.385
MinimumVisualStudioVersion = 10.0.40219.1
Project("{F184B08F-C81C-45F6-A57F-5ABD9991F28F}") = "THErealplatformergame", "THErealplatformergame\THErealplatformergame.vbproj", "{0095F8F4-9DE4-4492-882B-B5ED890928DF}"
EndProject
Global
	GlobalSection(SolutionConfigurationPlatforms) = preSolution
		Debug|Any CPU = Debug|Any CPU
		Release|Any CPU = Release|Any CPU
	EndGlobalSection
	GlobalSection(ProjectConfigurationPlatforms) = postSolution
		{0095F8F4-9DE4-4492-882B-B5ED890928DF}.Debug|Any CPU.ActiveCfg = Debug|Any CPU
		{0095F8F4-9DE4-4492-882B-B5ED890928DF}.Debug|Any CPU.Build.0 = Debug|Any CPU
		{0095F8F4-9DE4-4492-882B-B5ED890928DF}.Release|Any CPU.ActiveCfg = Release|Any CPU
		{0095F8F4-9DE4-4492-882B-B5ED890928DF}.Release|Any CPU.Build.0 = Release|Any CPU
	EndGlobalSection
	GlobalSection(SolutionProperties) = preSolution
		HideSolutionNode = FALSE
	EndGlobalSection
	GlobalSection(ExtensibilityGlobals) = postSolution
		SolutionGuid = {49D51DA1-DCB2-41FB-93D9-8F272CC13532}
	EndGlobalSection
EndGlobal
