
Microsoft Visual Studio Solution File, Format Version 12.00
# Visual Studio Version 17
VisualStudioVersion = 17.3.32929.385
MinimumVisualStudioVersion = 10.0.40219.1
Project("{F184B08F-C81C-45F6-A57F-5ABD9991F28F}") = "slotmachine", "slotmachine\slotmachine.vbproj", "{500E13D3-6E32-4A3A-B4F9-96E218519D0D}"
EndProject
Global
	GlobalSection(SolutionConfigurationPlatforms) = preSolution
		Debug|Any CPU = Debug|Any CPU
		Release|Any CPU = Release|Any CPU
	EndGlobalSection
	GlobalSection(ProjectConfigurationPlatforms) = postSolution
		{500E13D3-6E32-4A3A-B4F9-96E218519D0D}.Debug|Any CPU.ActiveCfg = Debug|Any CPU
		{500E13D3-6E32-4A3A-B4F9-96E218519D0D}.Debug|Any CPU.Build.0 = Debug|Any CPU
		{500E13D3-6E32-4A3A-B4F9-96E218519D0D}.Release|Any CPU.ActiveCfg = Release|Any CPU
		{500E13D3-6E32-4A3A-B4F9-96E218519D0D}.Release|Any CPU.Build.0 = Release|Any CPU
	EndGlobalSection
	GlobalSection(SolutionProperties) = preSolution
		HideSolutionNode = FALSE
	EndGlobalSection
	GlobalSection(ExtensibilityGlobals) = postSolution
		SolutionGuid = {8122990A-1965-4887-AC78-E59045895349}
	EndGlobalSection
EndGlobal
